
Microsoft Visual Studio Solution File, Format Version 12.00
# Visual Studio Version 17
VisualStudioVersion = 17.4.33205.214
MinimumVisualStudioVersion = 10.0.40219.1
Project("{FAE04EC0-301F-11D3-BF4B-00C04F79EFBC}") = "Service1", "Service1.csproj", "{DF872BDF-D0CD-475E-9609-CAF294F57C9E}"
EndProject
Global
	GlobalSection(SolutionConfigurationPlatforms) = preSolution
		Debug|Any CPU = Debug|Any CPU
		Release|Any CPU = Release|Any CPU
	EndGlobalSection
	GlobalSection(ProjectConfigurationPlatforms) = postSolution
		{DF872BDF-D0CD-475E-9609-CAF294F57C9E}.Debug|Any CPU.ActiveCfg = Debug|Any CPU
		{DF872BDF-D0CD-475E-9609-CAF294F57C9E}.Debug|Any CPU.Build.0 = Debug|Any CPU
		{DF872BDF-D0CD-475E-9609-CAF294F57C9E}.Release|Any CPU.ActiveCfg = Release|Any CPU
		{DF872BDF-D0CD-475E-9609-CAF294F57C9E}.Release|Any CPU.Build.0 = Release|Any CPU
	EndGlobalSection
	GlobalSection(SolutionProperties) = preSolution
		HideSolutionNode = FALSE
	EndGlobalSection
	GlobalSection(ExtensibilityGlobals) = postSolution
		SolutionGuid = {C3E9B80F-B99D-47AB-AF48-B24987A542BE}
	EndGlobalSection
EndGlobal
